
Microsoft Visual Studio Solution File, Format Version 12.00
# Visual Studio 2012
Project("{FAE04EC0-301F-11D3-BF4B-00C04F79EFBC}") = "PasswordHashing", "PasswordHashing\PasswordHashing.csproj", "{66A94D03-1C82-429A-96DB-63A7871E97C9}"
EndProject
Project("{FAE04EC0-301F-11D3-BF4B-00C04F79EFBC}") = "HashGenerator", "HashGenerator\HashGenerator.csproj", "{D77F69CE-BAAD-4AE9-9DCC-7A1E90137C32}"
EndProject
Global
	GlobalSection(SolutionConfigurationPlatforms) = preSolution
		Debug|Any CPU = Debug|Any CPU
		Release|Any CPU = Release|Any CPU
	EndGlobalSection
	GlobalSection(ProjectConfigurationPlatforms) = postSolution
		{66A94D03-1C82-429A-96DB-63A7871E97C9}.Debug|Any CPU.ActiveCfg = Debug|Any CPU
		{66A94D03-1C82-429A-96DB-63A7871E97C9}.Debug|Any CPU.Build.0 = Debug|Any CPU
		{66A94D03-1C82-429A-96DB-63A7871E97C9}.Release|Any CPU.ActiveCfg = Release|Any CPU
		{66A94D03-1C82-429A-96DB-63A7871E97C9}.Release|Any CPU.Build.0 = Release|Any CPU
		{D77F69CE-BAAD-4AE9-9DCC-7A1E90137C32}.Debug|Any CPU.ActiveCfg = Debug|Any CPU
		{D77F69CE-BAAD-4AE9-9DCC-7A1E90137C32}.Debug|Any CPU.Build.0 = Debug|Any CPU
		{D77F69CE-BAAD-4AE9-9DCC-7A1E90137C32}.Release|Any CPU.ActiveCfg = Release|Any CPU
		{D77F69CE-BAAD-4AE9-9DCC-7A1E90137C32}.Release|Any CPU.Build.0 = Release|Any CPU
	EndGlobalSection
	GlobalSection(SolutionProperties) = preSolution
		HideSolutionNode = FALSE
	EndGlobalSection
EndGlobal
